
Microsoft Visual Studio Solution File, Format Version 12.00
# Visual Studio Version 17
VisualStudioVersion = 17.3.32929.385
MinimumVisualStudioVersion = 10.0.40219.1
Project("{FAE04EC0-301F-11D3-BF4B-00C04F79EFBC}") = "app_CIP.Android", "app_CIP.Android\app_CIP.Android.csproj", "{EB322986-116E-4397-926F-7252449148C3}"
EndProject
Project("{FAE04EC0-301F-11D3-BF4B-00C04F79EFBC}") = "app_CIP.iOS", "app_CIP.iOS\app_CIP.iOS.csproj", "{787D7B54-0EED-4064-A32E-F9E7486FE331}"
EndProject
Project("{FAE04EC0-301F-11D3-BF4B-00C04F79EFBC}") = "app_CIP", "app_CIP\app_CIP.csproj", "{E6BC02C8-3140-49FC-93D6-D3E16D20A793}"
EndProject
Global
	GlobalSection(SolutionConfigurationPlatforms) = preSolution
		Debug|Any CPU = Debug|Any CPU
		Debug|iPhone = Debug|iPhone
		Debug|iPhoneSimulator = Debug|iPhoneSimulator
		Release|Any CPU = Release|Any CPU
		Release|iPhone = Release|iPhone
		Release|iPhoneSimulator = Release|iPhoneSimulator
	EndGlobalSection
	GlobalSection(ProjectConfigurationPlatforms) = postSolution
		{EB322986-116E-4397-926F-7252449148C3}.Debug|Any CPU.ActiveCfg = Debug|Any CPU
		{EB322986-116E-4397-926F-7252449148C3}.Debug|Any CPU.Build.0 = Debug|Any CPU
		{EB322986-116E-4397-926F-7252449148C3}.Debug|Any CPU.Deploy.0 = Debug|Any CPU
		{EB322986-116E-4397-926F-7252449148C3}.Debug|iPhone.ActiveCfg = Debug|Any CPU
		{EB322986-116E-4397-926F-7252449148C3}.Debug|iPhone.Build.0 = Debug|Any CPU
		{EB322986-116E-4397-926F-7252449148C3}.Debug|iPhone.Deploy.0 = Debug|Any CPU
		{EB322986-116E-4397-926F-7252449148C3}.Debug|iPhoneSimulator.ActiveCfg = Debug|Any CPU
		{EB322986-116E-4397-926F-7252449148C3}.Debug|iPhoneSimulator.Build.0 = Debug|Any CPU
		{EB322986-116E-4397-926F-7252449148C3}.Debug|iPhoneSimulator.Deploy.0 = Debug|Any CPU
		{EB322986-116E-4397-926F-7252449148C3}.Release|Any CPU.ActiveCfg = Release|Any CPU
		{EB322986-116E-4397-926F-7252449148C3}.Release|Any CPU.Build.0 = Release|Any CPU
		{EB322986-116E-4397-926F-7252449148C3}.Release|Any CPU.Deploy.0 = Release|Any CPU
		{EB322986-116E-4397-926F-7252449148C3}.Release|iPhone.ActiveCfg = Release|Any CPU
		{EB322986-116E-4397-926F-7252449148C3}.Release|iPhone.Build.0 = Release|Any CPU
		{EB322986-116E-4397-926F-7252449148C3}.Release|iPhone.Deploy.0 = Release|Any CPU
		{EB322986-116E-4397-926F-7252449148C3}.Release|iPhoneSimulator.ActiveCfg = Release|Any CPU
		{EB322986-116E-4397-926F-7252449148C3}.Release|iPhoneSimulator.Build.0 = Release|Any CPU
		{EB322986-116E-4397-926F-7252449148C3}.Release|iPhoneSimulator.Deploy.0 = Release|Any CPU
		{787D7B54-0EED-4064-A32E-F9E7486FE331}.Debug|Any CPU.ActiveCfg = Debug|iPhone
		{787D7B54-0EED-4064-A32E-F9E7486FE331}.Debug|Any CPU.Build.0 = Debug|iPhone
		{787D7B54-0EED-4064-A32E-F9E7486FE331}.Debug|Any CPU.Deploy.0 = Debug|iPhone
		{787D7B54-0EED-4064-A32E-F9E7486FE331}.Debug|iPhone.ActiveCfg = Debug|iPhone
		{787D7B54-0EED-4064-A32E-F9E7486FE331}.Debug|iPhone.Build.0 = Debug|iPhone
		{787D7B54-0EED-4064-A32E-F9E7486FE331}.Debug|iPhone.Deploy.0 = Debug|iPhone
		{787D7B54-0EED-4064-A32E-F9E7486FE331}.Debug|iPhoneSimulator.ActiveCfg = Debug|iPhoneSimulator
		{787D7B54-0EED-4064-A32E-F9E7486FE331}.Debug|iPhoneSimulator.Build.0 = Debug|iPhoneSimulator
		{787D7B54-0EED-4064-A32E-F9E7486FE331}.Debug|iPhoneSimulator.Deploy.0 = Debug|iPhoneSimulator
		{787D7B54-0EED-4064-A32E-F9E7486FE331}.Release|Any CPU.ActiveCfg = Release|iPhoneSimulator
		{787D7B54-0EED-4064-A32E-F9E7486FE331}.Release|Any CPU.Build.0 = Release|iPhoneSimulator
		{787D7B54-0EED-4064-A32E-F9E7486FE331}.Release|Any CPU.Deploy.0 = Release|iPhoneSimulator
		{787D7B54-0EED-4064-A32E-F9E7486FE331}.Release|iPhone.ActiveCfg = Release|iPhone
		{787D7B54-0EED-4064-A32E-F9E7486FE331}.Release|iPhone.Build.0 = Release|iPhone
		{787D7B54-0EED-4064-A32E-F9E7486FE331}.Release|iPhone.Deploy.0 = Release|iPhone
		{787D7B54-0EED-4064-A32E-F9E7486FE331}.Release|iPhoneSimulator.ActiveCfg = Release|iPhoneSimulator
		{787D7B54-0EED-4064-A32E-F9E7486FE331}.Release|iPhoneSimulator.Build.0 = Release|iPhoneSimulator
		{787D7B54-0EED-4064-A32E-F9E7486FE331}.Release|iPhoneSimulator.Deploy.0 = Release|iPhoneSimulator
		{E6BC02C8-3140-49FC-93D6-D3E16D20A793}.Debug|Any CPU.ActiveCfg = Debug|Any CPU
		{E6BC02C8-3140-49FC-93D6-D3E16D20A793}.Debug|Any CPU.Build.0 = Debug|Any CPU
		{E6BC02C8-3140-49FC-93D6-D3E16D20A793}.Debug|Any CPU.Deploy.0 = Debug|Any CPU
		{E6BC02C8-3140-49FC-93D6-D3E16D20A793}.Debug|iPhone.ActiveCfg = Debug|Any CPU
		{E6BC02C8-3140-49FC-93D6-D3E16D20A793}.Debug|iPhone.Build.0 = Debug|Any CPU
		{E6BC02C8-3140-49FC-93D6-D3E16D20A793}.Debug|iPhone.Deploy.0 = Debug|Any CPU
		{E6BC02C8-3140-49FC-93D6-D3E16D20A793}.Debug|iPhoneSimulator.ActiveCfg = Debug|Any CPU
		{E6BC02C8-3140-49FC-93D6-D3E16D20A793}.Debug|iPhoneSimulator.Build.0 = Debug|Any CPU
		{E6BC02C8-3140-49FC-93D6-D3E16D20A793}.Debug|iPhoneSimulator.Deploy.0 = Debug|Any CPU
		{E6BC02C8-3140-49FC-93D6-D3E16D20A793}.Release|Any CPU.ActiveCfg = Release|Any CPU
		{E6BC02C8-3140-49FC-93D6-D3E16D20A793}.Release|Any CPU.Build.0 = Release|Any CPU
		{E6BC02C8-3140-49FC-93D6-D3E16D20A793}.Release|Any CPU.Deploy.0 = Release|Any CPU
		{E6BC02C8-3140-49FC-93D6-D3E16D20A793}.Release|iPhone.ActiveCfg = Release|Any CPU
		{E6BC02C8-3140-49FC-93D6-D3E16D20A793}.Release|iPhone.Build.0 = Release|Any CPU
		{E6BC02C8-3140-49FC-93D6-D3E16D20A793}.Release|iPhone.Deploy.0 = Release|Any CPU
		{E6BC02C8-3140-49FC-93D6-D3E16D20A793}.Release|iPhoneSimulator.ActiveCfg = Release|Any CPU
		{E6BC02C8-3140-49FC-93D6-D3E16D20A793}.Release|iPhoneSimulator.Build.0 = Release|Any CPU
		{E6BC02C8-3140-49FC-93D6-D3E16D20A793}.Release|iPhoneSimulator.Deploy.0 = Release|Any CPU
	EndGlobalSection
	GlobalSection(SolutionProperties) = preSolution
		HideSolutionNode = FALSE
	EndGlobalSection
	GlobalSection(ExtensibilityGlobals) = postSolution
		SolutionGuid = {26B14409-30C6-468D-958E-689CC2404714}
	EndGlobalSection
EndGlobal
